
Microsoft Visual Studio Solution File, Format Version 12.00
# Visual Studio Version 17
VisualStudioVersion = 17.0.32112.339
MinimumVisualStudioVersion = 10.0.40219.1
Project("{FAE04EC0-301F-11D3-BF4B-00C04F79EFBC}") = "JsonDiffProgram", "JsonDiffProgram\JsonDiffProgram.csproj", "{4EF53B43-94F0-4AD9-95D7-0AD669DFBD16}"
EndProject
Project("{FAE04EC0-301F-11D3-BF4B-00C04F79EFBC}") = "JsonDiffProgramTest", "JsonDiffProgramTest\JsonDiffProgramTest.csproj", "{6EFF0456-AEA5-4D8D-A66C-52F9C840A989}"
EndProject
Global
	GlobalSection(SolutionConfigurationPlatforms) = preSolution
		Debug|Any CPU = Debug|Any CPU
		Release|Any CPU = Release|Any CPU
	EndGlobalSection
	GlobalSection(ProjectConfigurationPlatforms) = postSolution
		{4EF53B43-94F0-4AD9-95D7-0AD669DFBD16}.Debug|Any CPU.ActiveCfg = Debug|Any CPU
		{4EF53B43-94F0-4AD9-95D7-0AD669DFBD16}.Debug|Any CPU.Build.0 = Debug|Any CPU
		{4EF53B43-94F0-4AD9-95D7-0AD669DFBD16}.Release|Any CPU.ActiveCfg = Release|Any CPU
		{4EF53B43-94F0-4AD9-95D7-0AD669DFBD16}.Release|Any CPU.Build.0 = Release|Any CPU
		{6EFF0456-AEA5-4D8D-A66C-52F9C840A989}.Debug|Any CPU.ActiveCfg = Debug|Any CPU
		{6EFF0456-AEA5-4D8D-A66C-52F9C840A989}.Debug|Any CPU.Build.0 = Debug|Any CPU
		{6EFF0456-AEA5-4D8D-A66C-52F9C840A989}.Release|Any CPU.ActiveCfg = Release|Any CPU
		{6EFF0456-AEA5-4D8D-A66C-52F9C840A989}.Release|Any CPU.Build.0 = Release|Any CPU
	EndGlobalSection
	GlobalSection(SolutionProperties) = preSolution
		HideSolutionNode = FALSE
	EndGlobalSection
	GlobalSection(ExtensibilityGlobals) = postSolution
		SolutionGuid = {82C54031-832B-4EA7-BF17-03929A24C26C}
	EndGlobalSection
EndGlobal
